<?xml version="1.0" encoding="utf-8"?>
<Project ToolsVersion="4.0" xmlns="http://schemas.microsoft.com/developer/msbuild/2003">
  <ItemGroup>
    <Filter Include="Source Files">
      <UniqueIdentifier>{4FC737F1-C7A5-4376-A066-2A32D752A2FF}</UniqueIdentifier>
      <Extensions>cpp;c;cc;cxx;def;odl;idl;hpj;bat;asm;asmx</Extensions>
    </Filter>
    <Filter Include="Header Files">
      <UniqueIdentifier>{93995380-89BD-4b04-88EB-625FBE52EBFB}</UniqueIdentifier>
      <Extensions>h;hh;hpp;hxx;hm;inl;inc;xsd</Extensions>
    </Filter>
    <Filter Include="Header Files\Model">
      <UniqueIdentifier>{1c1d908d-eb02-4f75-b0f7-227f9e7b24df}</UniqueIdentifier>
    </Filter>
    <Filter Include="Source Files\Model">
      <UniqueIdentifier>{628fcecd-8ae4-4b2d-bdc4-ec6b56685af8}</UniqueIdentifier>
    </Filter>
    <Filter Include="Header Files\Model\Quote">
      <UniqueIdentifier>{f14c8d10-337f-45b1-9494-7a99d8a14848}</UniqueIdentifier>
    </Filter>
    <Filter Include="Header Files\Model\Components">
      <UniqueIdentifier>{9edd061b-9eaf-4443-8e67-b4d7a32af497}</UniqueIdentifier>
    </Filter>
    <Filter Include="Header Files\Graphics">
      <UniqueIdentifier>{78487db3-84b3-44a0-a24b-3731940ecaf3}</UniqueIdentifier>
    </Filter>
    <Filter Include="Source Files\Model\Quote">
      <UniqueIdentifier>{086c9871-3ac9-4ea0-ba14-3a4807a0e084}</UniqueIdentifier>
    </Filter>
    <Filter Include="Source Files\Model\Components">
      <UniqueIdentifier>{421b1e40-bcd6-43a7-827e-8af357b3bcba}</UniqueIdentifier>
    </Filter>
    <Filter Include="Source Files\Graphics">
      <UniqueIdentifier>{e4c58774-a2be-41c5-ad14-156ce6871b60}</UniqueIdentifier>
    </Filter>
  </ItemGroup>
  <ItemGroup>
    <ClInclude Include="stdafx.h">
      <Filter>Header Files</Filter>
    </ClInclude>
    <ClInclude Include="targetver.h">
      <Filter>Header Files</Filter>
    </ClInclude>
    <ClInclude Include="Entity.h">
      <Filter>Header Files\Model</Filter>
    </ClInclude>
    <ClInclude Include="World.h">
      <Filter>Header Files\Model</Filter>
    </ClInclude>
    <ClInclude Include="resource.h">
      <Filter>Header Files</Filter>
    </ClInclude>
    <ClInclude Include="Globals.h">
      <Filter>Header Files</Filter>
    </ClInclude>
    <ClInclude Include="QuoteGraphics.h">
      <Filter>Header Files\Model\Quote</Filter>
    </ClInclude>
    <ClInclude Include="QuotePhysics.h">
      <Filter>Header Files\Model\Quote</Filter>
    </ClInclude>
    <ClInclude Include="GraphicsComponent.h">
      <Filter>Header Files\Model\Components</Filter>
    </ClInclude>
    <ClInclude Include="InputComponent.h">
      <Filter>Header Files\Model\Components</Filter>
    </ClInclude>
    <ClInclude Include="PhysicsComponent.h">
      <Filter>Header Files\Model\Components</Filter>
    </ClInclude>
    <ClInclude Include="B2PhysicsComponent.h">
      <Filter>Header Files\Model\Components</Filter>
    </ClInclude>
    <ClInclude Include="AnimatedSprite.h">
      <Filter>Header Files\Model\Components</Filter>
    </ClInclude>
    <ClInclude Include="Sprite.h">
      <Filter>Header Files\Model\Components</Filter>
    </ClInclude>
    <ClInclude Include="graphics.h">
      <Filter>Header Files\Graphics</Filter>
    </ClInclude>
    <ClInclude Include="Input.h">
      <Filter>Header Files\Model\Components</Filter>
    </ClInclude>
    <ClInclude Include="PlayerInputComponent.h">
      <Filter>Header Files</Filter>
    </ClInclude>
    <ClInclude Include="Level.h">
      <Filter>Header Files</Filter>
    </ClInclude>
    <ClInclude Include="tinyxml2.h">
      <Filter>Header Files</Filter>
    </ClInclude>
    <ClInclude Include="Tile.h">
      <Filter>Header Files</Filter>
    </ClInclude>
  </ItemGroup>
  <ItemGroup>
    <ClCompile Include="stdafx.cpp">
      <Filter>Source Files</Filter>
    </ClCompile>
    <ClCompile Include="ConsoleApplication1.cpp">
      <Filter>Source Files</Filter>
    </ClCompile>
    <ClCompile Include="World.cpp">
      <Filter>Source Files\Model</Filter>
    </ClCompile>
    <ClCompile Include="Entity.cpp">
      <Filter>Source Files\Model</Filter>
    </ClCompile>
    <ClCompile Include="QuoteGraphics.cpp">
      <Filter>Source Files\Model\Quote</Filter>
    </ClCompile>
    <ClCompile Include="QuotePhysics.cpp">
      <Filter>Source Files\Model\Quote</Filter>
    </ClCompile>
    <ClCompile Include="AnimatedSprite.cpp">
      <Filter>Source Files\Model\Components</Filter>
    </ClCompile>
    <ClCompile Include="B2PhysicsComponent.cpp">
      <Filter>Source Files\Model\Components</Filter>
    </ClCompile>
    <ClCompile Include="Sprite.cpp">
      <Filter>Source Files\Model\Components</Filter>
    </ClCompile>
    <ClCompile Include="Graphics.cpp">
      <Filter>Source Files\Graphics</Filter>
    </ClCompile>
    <ClCompile Include="Input.cpp">
      <Filter>Source Files\Model\Components</Filter>
    </ClCompile>
    <ClCompile Include="PlayerInputComponent.cpp">
      <Filter>Source Files</Filter>
    </ClCompile>
    <ClCompile Include="Level.cpp">
      <Filter>Source Files</Filter>
    </ClCompile>
    <ClCompile Include="tinyxml2.cpp">
      <Filter>Source Files</Filter>
    </ClCompile>
    <ClCompile Include="Tile.cpp">
      <Filter>Source Files</Filter>
    </ClCompile>
  </ItemGroup>
</Project>